
Microsoft Visual Studio Solution File, Format Version 12.00
# Visual Studio Version 16
VisualStudioVersion = 16.0.29418.71
MinimumVisualStudioVersion = 10.0.40219.1
Project("{FAE04EC0-301F-11D3-BF4B-00C04F79EFBC}") = "Mastersign.WinMan", "WinMan\Mastersign.WinMan.csproj", "{435BCBFE-16C0-4D33-99A6-38AF06D5A8B6}"
EndProject
Project("{FAE04EC0-301F-11D3-BF4B-00C04F79EFBC}") = "Mastersign.WinMan.Lib", "WinMan.Lib\Mastersign.WinMan.Lib.csproj", "{95093408-575E-4AC7-806D-E0BD20CD970F}"
EndProject
Project("{FAE04EC0-301F-11D3-BF4B-00C04F79EFBC}") = "Mastersign.WinMan.Cli", "WinMan.Cli\Mastersign.WinMan.Cli.csproj", "{94804423-569B-44CE-B84E-813A50707D79}"
EndProject
Global
	GlobalSection(SolutionConfigurationPlatforms) = preSolution
		Debug|Any CPU = Debug|Any CPU
		Release|Any CPU = Release|Any CPU
	EndGlobalSection
	GlobalSection(ProjectConfigurationPlatforms) = postSolution
		{435BCBFE-16C0-4D33-99A6-38AF06D5A8B6}.Debug|Any CPU.ActiveCfg = Debug|Any CPU
		{435BCBFE-16C0-4D33-99A6-38AF06D5A8B6}.Debug|Any CPU.Build.0 = Debug|Any CPU
		{435BCBFE-16C0-4D33-99A6-38AF06D5A8B6}.Release|Any CPU.ActiveCfg = Release|Any CPU
		{435BCBFE-16C0-4D33-99A6-38AF06D5A8B6}.Release|Any CPU.Build.0 = Release|Any CPU
		{95093408-575E-4AC7-806D-E0BD20CD970F}.Debug|Any CPU.ActiveCfg = Debug|Any CPU
		{95093408-575E-4AC7-806D-E0BD20CD970F}.Debug|Any CPU.Build.0 = Debug|Any CPU
		{95093408-575E-4AC7-806D-E0BD20CD970F}.Release|Any CPU.ActiveCfg = Release|Any CPU
		{95093408-575E-4AC7-806D-E0BD20CD970F}.Release|Any CPU.Build.0 = Release|Any CPU
		{94804423-569B-44CE-B84E-813A50707D79}.Debug|Any CPU.ActiveCfg = Debug|Any CPU
		{94804423-569B-44CE-B84E-813A50707D79}.Debug|Any CPU.Build.0 = Debug|Any CPU
		{94804423-569B-44CE-B84E-813A50707D79}.Release|Any CPU.ActiveCfg = Release|Any CPU
		{94804423-569B-44CE-B84E-813A50707D79}.Release|Any CPU.Build.0 = Release|Any CPU
	EndGlobalSection
	GlobalSection(SolutionProperties) = preSolution
		HideSolutionNode = FALSE
	EndGlobalSection
	GlobalSection(ExtensibilityGlobals) = postSolution
		SolutionGuid = {BDE90A8B-48FF-4D2D-9ED7-8AE6A36E6023}
	EndGlobalSection
EndGlobal
